// !$*UTF8*$!
{
	archiveVersion = 1;
	classes = {
	};
	objectVersion = 46;
	objects = {

/* Begin PBXBuildFile section */
		383122791C4F6941000C02AA /* ZJAnchorPointViewController.m in Sources */ = {isa = PBXBuildFile; fileRef = 383122281C4F6941000C02AA /* ZJAnchorPointViewController.m */; };
		3831227A1C4F6941000C02AA /* 1.jpg in Resources */ = {isa = PBXBuildFile; fileRef = 3831222A1C4F6941000C02AA /* 1.jpg */; };
		3831227B1C4F6941000C02AA /* ZJCALayerFirstViewController.m in Sources */ = {isa = PBXBuildFile; fileRef = 3831222C1C4F6941000C02AA /* ZJCALayerFirstViewController.m */; };
		3831227C1C4F6941000C02AA /* ZJCATransform3DPerspectViewController.m in Sources */ = {isa = PBXBuildFile; fileRef = 3831222F1C4F6941000C02AA /* ZJCATransform3DPerspectViewController.m */; };
		3831227D1C4F6941000C02AA /* ZJCATransform3DRotation2ViewController.m in Sources */ = {isa = PBXBuildFile; fileRef = 383122311C4F6941000C02AA /* ZJCATransform3DRotation2ViewController.m */; };
		3831227E1C4F6941000C02AA /* ZJCATransform3DTypeTableViewController.m in Sources */ = {isa = PBXBuildFile; fileRef = 383122331C4F6941000C02AA /* ZJCATransform3DTypeTableViewController.m */; };
		3831227F1C4F6941000C02AA /* ZJCATransform3DViewController.m in Sources */ = {isa = PBXBuildFile; fileRef = 383122351C4F6941000C02AA /* ZJCATransform3DViewController.m */; };
		383122801C4F6941000C02AA /* 1434511542665314.jpg in Resources */ = {isa = PBXBuildFile; fileRef = 383122371C4F6941000C02AA /* 1434511542665314.jpg */; };
		383122811C4F6941000C02AA /* red.png in Resources */ = {isa = PBXBuildFile; fileRef = 383122381C4F6941000C02AA /* red.png */; };
		383122821C4F6941000C02AA /* ZJFrameBoundsViewController.m in Sources */ = {isa = PBXBuildFile; fileRef = 3831223A1C4F6941000C02AA /* ZJFrameBoundsViewController.m */; };
		383122831C4F6941000C02AA /* bg1.png in Resources */ = {isa = PBXBuildFile; fileRef = 3831223E1C4F6941000C02AA /* bg1.png */; };
		383122841C4F6941000C02AA /* bg2.png in Resources */ = {isa = PBXBuildFile; fileRef = 3831223F1C4F6941000C02AA /* bg2.png */; };
		383122851C4F6941000C02AA /* bg3.png in Resources */ = {isa = PBXBuildFile; fileRef = 383122401C4F6941000C02AA /* bg3.png */; };
		383122861C4F6941000C02AA /* bg4.png in Resources */ = {isa = PBXBuildFile; fileRef = 383122411C4F6941000C02AA /* bg4.png */; };
		383122871C4F6941000C02AA /* bg5.png in Resources */ = {isa = PBXBuildFile; fileRef = 383122421C4F6941000C02AA /* bg5.png */; };
		383122881C4F6941000C02AA /* bg6.png in Resources */ = {isa = PBXBuildFile; fileRef = 383122431C4F6941000C02AA /* bg6.png */; };
		383122891C4F6941000C02AA /* fg1.png in Resources */ = {isa = PBXBuildFile; fileRef = 383122441C4F6941000C02AA /* fg1.png */; };
		3831228A1C4F6941000C02AA /* fg2.png in Resources */ = {isa = PBXBuildFile; fileRef = 383122451C4F6941000C02AA /* fg2.png */; };
		3831228B1C4F6941000C02AA /* fg3.png in Resources */ = {isa = PBXBuildFile; fileRef = 383122461C4F6941000C02AA /* fg3.png */; };
		3831228C1C4F6941000C02AA /* fg4.png in Resources */ = {isa = PBXBuildFile; fileRef = 383122471C4F6941000C02AA /* fg4.png */; };
		3831228D1C4F6941000C02AA /* fg5.png in Resources */ = {isa = PBXBuildFile; fileRef = 383122481C4F6941000C02AA /* fg5.png */; };
		3831228E1C4F6941000C02AA /* fg6.png in Resources */ = {isa = PBXBuildFile; fileRef = 383122491C4F6941000C02AA /* fg6.png */; };
		3831228F1C4F6941000C02AA /* ZJFlipAnimationViewController.m in Sources */ = {isa = PBXBuildFile; fileRef = 3831224B1C4F6941000C02AA /* ZJFlipAnimationViewController.m */; };
		383122901C4F6941000C02AA /* colorfulStreak.m4v in Resources */ = {isa = PBXBuildFile; fileRef = 3831224E1C4F6941000C02AA /* colorfulStreak.m4v */; };
		383122911C4F6941000C02AA /* ZJAVPlayerLayerViewController.m in Sources */ = {isa = PBXBuildFile; fileRef = 383122501C4F6941000C02AA /* ZJAVPlayerLayerViewController.m */; };
		383122921C4F6941000C02AA /* ZJCAEmitterLayerViewController.m in Sources */ = {isa = PBXBuildFile; fileRef = 383122531C4F6941000C02AA /* ZJCAEmitterLayerViewController.m */; };
		383122931C4F6941000C02AA /* ZJCAGradientLayerViewController.m in Sources */ = {isa = PBXBuildFile; fileRef = 383122561C4F6941000C02AA /* ZJCAGradientLayerViewController.m */; };
		383122941C4F6941000C02AA /* ZJCALayerTableViewController.m in Sources */ = {isa = PBXBuildFile; fileRef = 383122591C4F6941000C02AA /* ZJCALayerTableViewController.m */; };
		383122951C4F6941000C02AA /* ZJCALayerViewController.m in Sources */ = {isa = PBXBuildFile; fileRef = 3831225B1C4F6941000C02AA /* ZJCALayerViewController.m */; };
		383122961C4F6941000C02AA /* ZJCAReplicatorLayerViewController.m in Sources */ = {isa = PBXBuildFile; fileRef = 3831225E1C4F6941000C02AA /* ZJCAReplicatorLayerViewController.m */; };
		383122971C4F6941000C02AA /* ScrollingView.m in Sources */ = {isa = PBXBuildFile; fileRef = 383122611C4F6941000C02AA /* ScrollingView.m */; };
		383122981C4F6941000C02AA /* ZJCAScrollLayerViewController.m in Sources */ = {isa = PBXBuildFile; fileRef = 383122631C4F6941000C02AA /* ZJCAScrollLayerViewController.m */; };
		383122991C4F6941000C02AA /* ZJCAShapeLayerViewController.m in Sources */ = {isa = PBXBuildFile; fileRef = 383122671C4F6941000C02AA /* ZJCAShapeLayerViewController.m */; };
		3831229A1C4F6941000C02AA /* ZJCATiledLayerViewController.m in Sources */ = {isa = PBXBuildFile; fileRef = 3831226A1C4F6941000C02AA /* ZJCATiledLayerViewController.m */; };
		3831229B1C4F6941000C02AA /* ZJTiledLayer.m in Sources */ = {isa = PBXBuildFile; fileRef = 3831226C1C4F6941000C02AA /* ZJTiledLayer.m */; };
		3831229C1C4F6941000C02AA /* ZJTiledView.m in Sources */ = {isa = PBXBuildFile; fileRef = 3831226E1C4F6941000C02AA /* ZJTiledView.m */; };
		3831229D1C4F6941000C02AA /* ZJCATiledImageLayerViewController.m in Sources */ = {isa = PBXBuildFile; fileRef = 383122711C4F6941000C02AA /* ZJCATiledImageLayerViewController.m */; };
		3831229E1C4F6941000C02AA /* ZJTiledVIewForLoadImage.m in Sources */ = {isa = PBXBuildFile; fileRef = 383122731C4F6941000C02AA /* ZJTiledVIewForLoadImage.m */; };
		3831229F1C4F6941000C02AA /* ZJCATransformLayerViewController.m in Sources */ = {isa = PBXBuildFile; fileRef = 383122761C4F6941000C02AA /* ZJCATransformLayerViewController.m */; };
		383122A01C4F6941000C02AA /* ZJCALayerPlayerListViewController.m in Sources */ = {isa = PBXBuildFile; fileRef = 383122781C4F6941000C02AA /* ZJCALayerPlayerListViewController.m */; };
		383122A41C4F6A53000C02AA /* ZJLoadingAnimationViewController.m in Sources */ = {isa = PBXBuildFile; fileRef = 383122A31C4F6A53000C02AA /* ZJLoadingAnimationViewController.m */; };
		383122A71C4F6A94000C02AA /* ZJSearchingView.m in Sources */ = {isa = PBXBuildFile; fileRef = 383122A61C4F6A94000C02AA /* ZJSearchingView.m */; };
		66ED4B6C1B60CEBD00E18480 /* main.m in Sources */ = {isa = PBXBuildFile; fileRef = 66ED4B6B1B60CEBD00E18480 /* main.m */; };
		66ED4B6F1B60CEBD00E18480 /* AppDelegate.m in Sources */ = {isa = PBXBuildFile; fileRef = 66ED4B6E1B60CEBD00E18480 /* AppDelegate.m */; };
		66ED4B721B60CEBD00E18480 /* ZJCoreAnimation.xcdatamodeld in Sources */ = {isa = PBXBuildFile; fileRef = 66ED4B701B60CEBD00E18480 /* ZJCoreAnimation.xcdatamodeld */; };
		66ED4B751B60CEBD00E18480 /* ViewController.m in Sources */ = {isa = PBXBuildFile; fileRef = 66ED4B741B60CEBD00E18480 /* ViewController.m */; };
		66ED4B781B60CEBD00E18480 /* Main.storyboard in Resources */ = {isa = PBXBuildFile; fileRef = 66ED4B761B60CEBD00E18480 /* Main.storyboard */; };
		66ED4B7A1B60CEBD00E18480 /* Images.xcassets in Resources */ = {isa = PBXBuildFile; fileRef = 66ED4B791B60CEBD00E18480 /* Images.xcassets */; };
		66ED4B7D1B60CEBD00E18480 /* LaunchScreen.xib in Resources */ = {isa = PBXBuildFile; fileRef = 66ED4B7B1B60CEBD00E18480 /* LaunchScreen.xib */; };
		66ED4B891B60CEBD00E18480 /* ZJCoreAnimationTests.m in Sources */ = {isa = PBXBuildFile; fileRef = 66ED4B881B60CEBD00E18480 /* ZJCoreAnimationTests.m */; };
		66F30DF51BB15C1E002711CD /* LICENSE in Resources */ = {isa = PBXBuildFile; fileRef = 66F30DF31BB15C1E002711CD /* LICENSE */; };
		66F716DD1B91A70E00DDFAFD /* UIViewExt.m in Sources */ = {isa = PBXBuildFile; fileRef = 66F716DC1B91A70E00DDFAFD /* UIViewExt.m */; };
		66F717251B91B1D800DDFAFD /* Note in Resources */ = {isa = PBXBuildFile; fileRef = 66F717241B91B1D800DDFAFD /* Note */; };
/* End PBXBuildFile section */

/* Begin PBXContainerItemProxy section */
		66ED4B831B60CEBD00E18480 /* PBXContainerItemProxy */ = {
			isa = PBXContainerItemProxy;
			containerPortal = 66ED4B5E1B60CEBD00E18480 /* Project object */;
			proxyType = 1;
			remoteGlobalIDString = 66ED4B651B60CEBD00E18480;
			remoteInfo = ZJCoreAnimation;
		};
/* End PBXContainerItemProxy section */

/* Begin PBXFileReference section */
		383122271C4F6941000C02AA /* ZJAnchorPointViewController.h */ = {isa = PBXFileReference; fileEncoding = 4; lastKnownFileType = sourcecode.c.h; path = ZJAnchorPointViewController.h; sourceTree = "<group>"; };
		383122281C4F6941000C02AA /* ZJAnchorPointViewController.m */ = {isa = PBXFileReference; fileEncoding = 4; lastKnownFileType = sourcecode.c.objc; path = ZJAnchorPointViewController.m; sourceTree = "<group>"; };
		3831222A1C4F6941000C02AA /* 1.jpg */ = {isa = PBXFileReference; lastKnownFileType = image.jpeg; path = 1.jpg; sourceTree = "<group>"; };
		3831222B1C4F6941000C02AA /* ZJCALayerFirstViewController.h */ = {isa = PBXFileReference; fileEncoding = 4; lastKnownFileType = sourcecode.c.h; path = ZJCALayerFirstViewController.h; sourceTree = "<group>"; };
		3831222C1C4F6941000C02AA /* ZJCALayerFirstViewController.m */ = {isa = PBXFileReference; fileEncoding = 4; lastKnownFileType = sourcecode.c.objc; path = ZJCALayerFirstViewController.m; sourceTree = "<group>"; };
		3831222E1C4F6941000C02AA /* ZJCATransform3DPerspectViewController.h */ = {isa = PBXFileReference; fileEncoding = 4; lastKnownFileType = sourcecode.c.h; path = ZJCATransform3DPerspectViewController.h; sourceTree = "<group>"; };
		3831222F1C4F6941000C02AA /* ZJCATransform3DPerspectViewController.m */ = {isa = PBXFileReference; fileEncoding = 4; lastKnownFileType = sourcecode.c.objc; path = ZJCATransform3DPerspectViewController.m; sourceTree = "<group>"; };
		383122301C4F6941000C02AA /* ZJCATransform3DRotation2ViewController.h */ = {isa = PBXFileReference; fileEncoding = 4; lastKnownFileType = sourcecode.c.h; path = ZJCATransform3DRotation2ViewController.h; sourceTree = "<group>"; };
		383122311C4F6941000C02AA /* ZJCATransform3DRotation2ViewController.m */ = {isa = PBXFileReference; fileEncoding = 4; lastKnownFileType = sourcecode.c.objc; path = ZJCATransform3DRotation2ViewController.m; sourceTree = "<group>"; };
		383122321C4F6941000C02AA /* ZJCATransform3DTypeTableViewController.h */ = {isa = PBXFileReference; fileEncoding = 4; lastKnownFileType = sourcecode.c.h; path = ZJCATransform3DTypeTableViewController.h; sourceTree = "<group>"; };
		383122331C4F6941000C02AA /* ZJCATransform3DTypeTableViewController.m */ = {isa = PBXFileReference; fileEncoding = 4; lastKnownFileType = sourcecode.c.objc; path = ZJCATransform3DTypeTableViewController.m; sourceTree = "<group>"; };
		383122341C4F6941000C02AA /* ZJCATransform3DViewController.h */ = {isa = PBXFileReference; fileEncoding = 4; lastKnownFileType = sourcecode.c.h; path = ZJCATransform3DViewController.h; sourceTree = "<group>"; };
		383122351C4F6941000C02AA /* ZJCATransform3DViewController.m */ = {isa = PBXFileReference; fileEncoding = 4; lastKnownFileType = sourcecode.c.objc; path = ZJCATransform3DViewController.m; sourceTree = "<group>"; };
		383122371C4F6941000C02AA /* 1434511542665314.jpg */ = {isa = PBXFileReference; lastKnownFileType = image.jpeg; path = 1434511542665314.jpg; sourceTree = "<group>"; };
		383122381C4F6941000C02AA /* red.png */ = {isa = PBXFileReference; lastKnownFileType = image.png; path = red.png; sourceTree = "<group>"; };
		383122391C4F6941000C02AA /* ZJFrameBoundsViewController.h */ = {isa = PBXFileReference; fileEncoding = 4; lastKnownFileType = sourcecode.c.h; path = ZJFrameBoundsViewController.h; sourceTree = "<group>"; };
		3831223A1C4F6941000C02AA /* ZJFrameBoundsViewController.m */ = {isa = PBXFileReference; fileEncoding = 4; lastKnownFileType = sourcecode.c.objc; path = ZJFrameBoundsViewController.m; sourceTree = "<group>"; };
		3831223E1C4F6941000C02AA /* bg1.png */ = {isa = PBXFileReference; lastKnownFileType = image.png; path = bg1.png; sourceTree = "<group>"; };
		3831223F1C4F6941000C02AA /* bg2.png */ = {isa = PBXFileReference; lastKnownFileType = image.png; path = bg2.png; sourceTree = "<group>"; };
		383122401C4F6941000C02AA /* bg3.png */ = {isa = PBXFileReference; lastKnownFileType = image.png; path = bg3.png; sourceTree = "<group>"; };
		383122411C4F6941000C02AA /* bg4.png */ = {isa = PBXFileReference; lastKnownFileType = image.png; path = bg4.png; sourceTree = "<group>"; };
		383122421C4F6941000C02AA /* bg5.png */ = {isa = PBXFileReference; lastKnownFileType = image.png; path = bg5.png; sourceTree = "<group>"; };
		383122431C4F6941000C02AA /* bg6.png */ = {isa = PBXFileReference; lastKnownFileType = image.png; path = bg6.png; sourceTree = "<group>"; };
		383122441C4F6941000C02AA /* fg1.png */ = {isa = PBXFileReference; lastKnownFileType = image.png; path = fg1.png; sourceTree = "<group>"; };
		383122451C4F6941000C02AA /* fg2.png */ = {isa = PBXFileReference; lastKnownFileType = image.png; path = fg2.png; sourceTree = "<group>"; };
		383122461C4F6941000C02AA /* fg3.png */ = {isa = PBXFileReference; lastKnownFileType = image.png; path = fg3.png; sourceTree = "<group>"; };
		383122471C4F6941000C02AA /* fg4.png */ = {isa = PBXFileReference; lastKnownFileType = image.png; path = fg4.png; sourceTree = "<group>"; };
		383122481C4F6941000C02AA /* fg5.png */ = {isa = PBXFileReference; lastKnownFileType = image.png; path = fg5.png; sourceTree = "<group>"; };
		383122491C4F6941000C02AA /* fg6.png */ = {isa = PBXFileReference; lastKnownFileType = image.png; path = fg6.png; sourceTree = "<group>"; };
		3831224A1C4F6941000C02AA /* ZJFlipAnimationViewController.h */ = {isa = PBXFileReference; fileEncoding = 4; lastKnownFileType = sourcecode.c.h; path = ZJFlipAnimationViewController.h; sourceTree = "<group>"; };
		3831224B1C4F6941000C02AA /* ZJFlipAnimationViewController.m */ = {isa = PBXFileReference; fileEncoding = 4; lastKnownFileType = sourcecode.c.objc; path = ZJFlipAnimationViewController.m; sourceTree = "<group>"; };
		3831224E1C4F6941000C02AA /* colorfulStreak.m4v */ = {isa = PBXFileReference; lastKnownFileType = file; path = colorfulStreak.m4v; sourceTree = "<group>"; };
		3831224F1C4F6941000C02AA /* ZJAVPlayerLayerViewController.h */ = {isa = PBXFileReference; fileEncoding = 4; lastKnownFileType = sourcecode.c.h; path = ZJAVPlayerLayerViewController.h; sourceTree = "<group>"; };
		383122501C4F6941000C02AA /* ZJAVPlayerLayerViewController.m */ = {isa = PBXFileReference; fileEncoding = 4; lastKnownFileType = sourcecode.c.objc; path = ZJAVPlayerLayerViewController.m; sourceTree = "<group>"; };
		383122521C4F6941000C02AA /* ZJCAEmitterLayerViewController.h */ = {isa = PBXFileReference; fileEncoding = 4; lastKnownFileType = sourcecode.c.h; path = ZJCAEmitterLayerViewController.h; sourceTree = "<group>"; };
		383122531C4F6941000C02AA /* ZJCAEmitterLayerViewController.m */ = {isa = PBXFileReference; fileEncoding = 4; lastKnownFileType = sourcecode.c.objc; path = ZJCAEmitterLayerViewController.m; sourceTree = "<group>"; };
		383122551C4F6941000C02AA /* ZJCAGradientLayerViewController.h */ = {isa = PBXFileReference; fileEncoding = 4; lastKnownFileType = sourcecode.c.h; path = ZJCAGradientLayerViewController.h; sourceTree = "<group>"; };
		383122561C4F6941000C02AA /* ZJCAGradientLayerViewController.m */ = {isa = PBXFileReference; fileEncoding = 4; lastKnownFileType = sourcecode.c.objc; path = ZJCAGradientLayerViewController.m; sourceTree = "<group>"; };
		383122581C4F6941000C02AA /* ZJCALayerTableViewController.h */ = {isa = PBXFileReference; fileEncoding = 4; lastKnownFileType = sourcecode.c.h; path = ZJCALayerTableViewController.h; sourceTree = "<group>"; };
		383122591C4F6941000C02AA /* ZJCALayerTableViewController.m */ = {isa = PBXFileReference; fileEncoding = 4; lastKnownFileType = sourcecode.c.objc; path = ZJCALayerTableViewController.m; sourceTree = "<group>"; };
		3831225A1C4F6941000C02AA /* ZJCALayerViewController.h */ = {isa = PBXFileReference; fileEncoding = 4; lastKnownFileType = sourcecode.c.h; path = ZJCALayerViewController.h; sourceTree = "<group>"; };
		3831225B1C4F6941000C02AA /* ZJCALayerViewController.m */ = {isa = PBXFileReference; fileEncoding = 4; lastKnownFileType = sourcecode.c.objc; path = ZJCALayerViewController.m; sourceTree = "<group>"; };
		3831225D1C4F6941000C02AA /* ZJCAReplicatorLayerViewController.h */ = {isa = PBXFileReference; fileEncoding = 4; lastKnownFileType = sourcecode.c.h; path = ZJCAReplicatorLayerViewController.h; sourceTree = "<group>"; };
		3831225E1C4F6941000C02AA /* ZJCAReplicatorLayerViewController.m */ = {isa = PBXFileReference; fileEncoding = 4; lastKnownFileType = sourcecode.c.objc; path = ZJCAReplicatorLayerViewController.m; sourceTree = "<group>"; };
		383122601C4F6941000C02AA /* ScrollingView.h */ = {isa = PBXFileReference; fileEncoding = 4; lastKnownFileType = sourcecode.c.h; path = ScrollingView.h; sourceTree = "<group>"; };
		383122611C4F6941000C02AA /* ScrollingView.m */ = {isa = PBXFileReference; fileEncoding = 4; lastKnownFileType = sourcecode.c.objc; path = ScrollingView.m; sourceTree = "<group>"; };
		383122621C4F6941000C02AA /* ZJCAScrollLayerViewController.h */ = {isa = PBXFileReference; fileEncoding = 4; lastKnownFileType = sourcecode.c.h; path = ZJCAScrollLayerViewController.h; sourceTree = "<group>"; };
		383122631C4F6941000C02AA /* ZJCAScrollLayerViewController.m */ = {isa = PBXFileReference; fileEncoding = 4; lastKnownFileType = sourcecode.c.objc; path = ZJCAScrollLayerViewController.m; sourceTree = "<group>"; };
		383122661C4F6941000C02AA /* ZJCAShapeLayerViewController.h */ = {isa = PBXFileReference; fileEncoding = 4; lastKnownFileType = sourcecode.c.h; path = ZJCAShapeLayerViewController.h; sourceTree = "<group>"; };
		383122671C4F6941000C02AA /* ZJCAShapeLayerViewController.m */ = {isa = PBXFileReference; fileEncoding = 4; lastKnownFileType = sourcecode.c.objc; path = ZJCAShapeLayerViewController.m; sourceTree = "<group>"; };
		383122691C4F6941000C02AA /* ZJCATiledLayerViewController.h */ = {isa = PBXFileReference; fileEncoding = 4; lastKnownFileType = sourcecode.c.h; path = ZJCATiledLayerViewController.h; sourceTree = "<group>"; };
		3831226A1C4F6941000C02AA /* ZJCATiledLayerViewController.m */ = {isa = PBXFileReference; fileEncoding = 4; lastKnownFileType = sourcecode.c.objc; path = ZJCATiledLayerViewController.m; sourceTree = "<group>"; };
		3831226B1C4F6941000C02AA /* ZJTiledLayer.h */ = {isa = PBXFileReference; fileEncoding = 4; lastKnownFileType = sourcecode.c.h; path = ZJTiledLayer.h; sourceTree = "<group>"; };
		3831226C1C4F6941000C02AA /* ZJTiledLayer.m */ = {isa = PBXFileReference; fileEncoding = 4; lastKnownFileType = sourcecode.c.objc; path = ZJTiledLayer.m; sourceTree = "<group>"; };
		3831226D1C4F6941000C02AA /* ZJTiledView.h */ = {isa = PBXFileReference; fileEncoding = 4; lastKnownFileType = sourcecode.c.h; path = ZJTiledView.h; sourceTree = "<group>"; };
		3831226E1C4F6941000C02AA /* ZJTiledView.m */ = {isa = PBXFileReference; fileEncoding = 4; lastKnownFileType = sourcecode.c.objc; path = ZJTiledView.m; sourceTree = "<group>"; };
		383122701C4F6941000C02AA /* ZJCATiledImageLayerViewController.h */ = {isa = PBXFileReference; fileEncoding = 4; lastKnownFileType = sourcecode.c.h; path = ZJCATiledImageLayerViewController.h; sourceTree = "<group>"; };
		383122711C4F6941000C02AA /* ZJCATiledImageLayerViewController.m */ = {isa = PBXFileReference; fileEncoding = 4; lastKnownFileType = sourcecode.c.objc; path = ZJCATiledImageLayerViewController.m; sourceTree = "<group>"; };
		383122721C4F6941000C02AA /* ZJTiledVIewForLoadImage.h */ = {isa = PBXFileReference; fileEncoding = 4; lastKnownFileType = sourcecode.c.h; path = ZJTiledVIewForLoadImage.h; sourceTree = "<group>"; };
		383122731C4F6941000C02AA /* ZJTiledVIewForLoadImage.m */ = {isa = PBXFileReference; fileEncoding = 4; lastKnownFileType = sourcecode.c.objc; path = ZJTiledVIewForLoadImage.m; sourceTree = "<group>"; };
		383122751C4F6941000C02AA /* ZJCATransformLayerViewController.h */ = {isa = PBXFileReference; fileEncoding = 4; lastKnownFileType = sourcecode.c.h; path = ZJCATransformLayerViewController.h; sourceTree = "<group>"; };
		383122761C4F6941000C02AA /* ZJCATransformLayerViewController.m */ = {isa = PBXFileReference; fileEncoding = 4; lastKnownFileType = sourcecode.c.objc; path = ZJCATransformLayerViewController.m; sourceTree = "<group>"; };
		383122771C4F6941000C02AA /* ZJCALayerPlayerListViewController.h */ = {isa = PBXFileReference; fileEncoding = 4; lastKnownFileType = sourcecode.c.h; path = ZJCALayerPlayerListViewController.h; sourceTree = "<group>"; };
		383122781C4F6941000C02AA /* ZJCALayerPlayerListViewController.m */ = {isa = PBXFileReference; fileEncoding = 4; lastKnownFileType = sourcecode.c.objc; path = ZJCALayerPlayerListViewController.m; sourceTree = "<group>"; };
		383122A21C4F6A53000C02AA /* ZJLoadingAnimationViewController.h */ = {isa = PBXFileReference; fileEncoding = 4; lastKnownFileType = sourcecode.c.h; path = ZJLoadingAnimationViewController.h; sourceTree = "<group>"; };
		383122A31C4F6A53000C02AA /* ZJLoadingAnimationViewController.m */ = {isa = PBXFileReference; fileEncoding = 4; lastKnownFileType = sourcecode.c.objc; path = ZJLoadingAnimationViewController.m; sourceTree = "<group>"; };
		383122A51C4F6A94000C02AA /* ZJSearchingView.h */ = {isa = PBXFileReference; fileEncoding = 4; lastKnownFileType = sourcecode.c.h; path = ZJSearchingView.h; sourceTree = "<group>"; };
		383122A61C4F6A94000C02AA /* ZJSearchingView.m */ = {isa = PBXFileReference; fileEncoding = 4; lastKnownFileType = sourcecode.c.objc; path = ZJSearchingView.m; sourceTree = "<group>"; };
		66EC78351BB6463800E15E7B /* ZJCoreAnimation.pch */ = {isa = PBXFileReference; fileEncoding = 4; lastKnownFileType = sourcecode.c.h; path = ZJCoreAnimation.pch; sourceTree = "<group>"; };
		66ED4B661B60CEBD00E18480 /* ZJCoreAnimation.app */ = {isa = PBXFileReference; explicitFileType = wrapper.application; includeInIndex = 0; path = ZJCoreAnimation.app; sourceTree = BUILT_PRODUCTS_DIR; };
		66ED4B6A1B60CEBD00E18480 /* Info.plist */ = {isa = PBXFileReference; lastKnownFileType = text.plist.xml; path = Info.plist; sourceTree = "<group>"; };
		66ED4B6B1B60CEBD00E18480 /* main.m */ = {isa = PBXFileReference; lastKnownFileType = sourcecode.c.objc; path = main.m; sourceTree = "<group>"; };
		66ED4B6D1B60CEBD00E18480 /* AppDelegate.h */ = {isa = PBXFileReference; lastKnownFileType = sourcecode.c.h; path = AppDelegate.h; sourceTree = "<group>"; };
		66ED4B6E1B60CEBD00E18480 /* AppDelegate.m */ = {isa = PBXFileReference; lastKnownFileType = sourcecode.c.objc; path = AppDelegate.m; sourceTree = "<group>"; };
		66ED4B711B60CEBD00E18480 /* ZJCoreAnimation.xcdatamodel */ = {isa = PBXFileReference; lastKnownFileType = wrapper.xcdatamodel; path = ZJCoreAnimation.xcdatamodel; sourceTree = "<group>"; };
		66ED4B731B60CEBD00E18480 /* ViewController.h */ = {isa = PBXFileReference; lastKnownFileType = sourcecode.c.h; path = ViewController.h; sourceTree = "<group>"; };
		66ED4B741B60CEBD00E18480 /* ViewController.m */ = {isa = PBXFileReference; lastKnownFileType = sourcecode.c.objc; path = ViewController.m; sourceTree = "<group>"; };
		66ED4B771B60CEBD00E18480 /* Base */ = {isa = PBXFileReference; lastKnownFileType = file.storyboard; name = Base; path = Base.lproj/Main.storyboard; sourceTree = "<group>"; };
		66ED4B791B60CEBD00E18480 /* Images.xcassets */ = {isa = PBXFileReference; lastKnownFileType = folder.assetcatalog; path = Images.xcassets; sourceTree = "<group>"; };
		66ED4B7C1B60CEBD00E18480 /* Base */ = {isa = PBXFileReference; lastKnownFileType = file.xib; name = Base; path = Base.lproj/LaunchScreen.xib; sourceTree = "<group>"; };
		66ED4B821B60CEBD00E18480 /* ZJCoreAnimationTests.xctest */ = {isa = PBXFileReference; explicitFileType = wrapper.cfbundle; includeInIndex = 0; path = ZJCoreAnimationTests.xctest; sourceTree = BUILT_PRODUCTS_DIR; };
		66ED4B871B60CEBD00E18480 /* Info.plist */ = {isa = PBXFileReference; lastKnownFileType = text.plist.xml; path = Info.plist; sourceTree = "<group>"; };
		66ED4B881B60CEBD00E18480 /* ZJCoreAnimationTests.m */ = {isa = PBXFileReference; lastKnownFileType = sourcecode.c.objc; path = ZJCoreAnimationTests.m; sourceTree = "<group>"; };
		66F30DF31BB15C1E002711CD /* LICENSE */ = {isa = PBXFileReference; fileEncoding = 4; lastKnownFileType = text; path = LICENSE; sourceTree = "<group>"; };
		66F716DB1B91A70E00DDFAFD /* UIViewExt.h */ = {isa = PBXFileReference; fileEncoding = 4; lastKnownFileType = sourcecode.c.h; path = UIViewExt.h; sourceTree = "<group>"; };
		66F716DC1B91A70E00DDFAFD /* UIViewExt.m */ = {isa = PBXFileReference; fileEncoding = 4; lastKnownFileType = sourcecode.c.objc; path = UIViewExt.m; sourceTree = "<group>"; };
		66F717241B91B1D800DDFAFD /* Note */ = {isa = PBXFileReference; fileEncoding = 4; lastKnownFileType = text; path = Note; sourceTree = "<group>"; };
/* End PBXFileReference section */

/* Begin PBXFrameworksBuildPhase section */
		66ED4B631B60CEBD00E18480 /* Frameworks */ = {
			isa = PBXFrameworksBuildPhase;
			buildActionMask = 2147483647;
			files = (
			);
			runOnlyForDeploymentPostprocessing = 0;
		};
		66ED4B7F1B60CEBD00E18480 /* Frameworks */ = {
			isa = PBXFrameworksBuildPhase;
			buildActionMask = 2147483647;
			files = (
			);
			runOnlyForDeploymentPostprocessing = 0;
		};
/* End PBXFrameworksBuildPhase section */

/* Begin PBXGroup section */
		383122251C4F6941000C02AA /* Basic course */ = {
			isa = PBXGroup;
			children = (
				383122261C4F6941000C02AA /* AnchorPoint */,
				383122291C4F6941000C02AA /* CALayer */,
				3831222D1C4F6941000C02AA /* CATransform3D */,
				383122361C4F6941000C02AA /* FrameAndBounds */,
			);
			path = "Basic course";
			sourceTree = "<group>";
		};
		383122261C4F6941000C02AA /* AnchorPoint */ = {
			isa = PBXGroup;
			children = (
				383122271C4F6941000C02AA /* ZJAnchorPointViewController.h */,
				383122281C4F6941000C02AA /* ZJAnchorPointViewController.m */,
			);
			path = AnchorPoint;
			sourceTree = "<group>";
		};
		383122291C4F6941000C02AA /* CALayer */ = {
			isa = PBXGroup;
			children = (
				3831222A1C4F6941000C02AA /* 1.jpg */,
				3831222B1C4F6941000C02AA /* ZJCALayerFirstViewController.h */,
				3831222C1C4F6941000C02AA /* ZJCALayerFirstViewController.m */,
			);
			path = CALayer;
			sourceTree = "<group>";
		};
		3831222D1C4F6941000C02AA /* CATransform3D */ = {
			isa = PBXGroup;
			children = (
				3831222E1C4F6941000C02AA /* ZJCATransform3DPerspectViewController.h */,
				3831222F1C4F6941000C02AA /* ZJCATransform3DPerspectViewController.m */,
				383122301C4F6941000C02AA /* ZJCATransform3DRotation2ViewController.h */,
				383122311C4F6941000C02AA /* ZJCATransform3DRotation2ViewController.m */,
				383122321C4F6941000C02AA /* ZJCATransform3DTypeTableViewController.h */,
				383122331C4F6941000C02AA /* ZJCATransform3DTypeTableViewController.m */,
				383122341C4F6941000C02AA /* ZJCATransform3DViewController.h */,
				383122351C4F6941000C02AA /* ZJCATransform3DViewController.m */,
			);
			path = CATransform3D;
			sourceTree = "<group>";
		};
		383122361C4F6941000C02AA /* FrameAndBounds */ = {
			isa = PBXGroup;
			children = (
				383122371C4F6941000C02AA /* 1434511542665314.jpg */,
				383122381C4F6941000C02AA /* red.png */,
				383122391C4F6941000C02AA /* ZJFrameBoundsViewController.h */,
				3831223A1C4F6941000C02AA /* ZJFrameBoundsViewController.m */,
			);
			path = FrameAndBounds;
			sourceTree = "<group>";
		};
		3831223B1C4F6941000C02AA /* Demo */ = {
			isa = PBXGroup;
			children = (
				383122A11C4F6A39000C02AA /* LoadingAnimation */,
				3831223C1C4F6941000C02AA /* FlipAnimation */,
				3831224C1C4F6941000C02AA /* LayerPlayer */,
			);
			path = Demo;
			sourceTree = "<group>";
		};
		3831223C1C4F6941000C02AA /* FlipAnimation */ = {
			isa = PBXGroup;
			children = (
				3831223D1C4F6941000C02AA /* image */,
				3831224A1C4F6941000C02AA /* ZJFlipAnimationViewController.h */,
				3831224B1C4F6941000C02AA /* ZJFlipAnimationViewController.m */,
			);
			path = FlipAnimation;
			sourceTree = "<group>";
		};
		3831223D1C4F6941000C02AA /* image */ = {
			isa = PBXGroup;
			children = (
				3831223E1C4F6941000C02AA /* bg1.png */,
				3831223F1C4F6941000C02AA /* bg2.png */,
				383122401C4F6941000C02AA /* bg3.png */,
				383122411C4F6941000C02AA /* bg4.png */,
				383122421C4F6941000C02AA /* bg5.png */,
				383122431C4F6941000C02AA /* bg6.png */,
				383122441C4F6941000C02AA /* fg1.png */,
				383122451C4F6941000C02AA /* fg2.png */,
				383122461C4F6941000C02AA /* fg3.png */,
				383122471C4F6941000C02AA /* fg4.png */,
				383122481C4F6941000C02AA /* fg5.png */,
				383122491C4F6941000C02AA /* fg6.png */,
			);
			path = image;
			sourceTree = "<group>";
		};
		3831224C1C4F6941000C02AA /* LayerPlayer */ = {
			isa = PBXGroup;
			children = (
				3831224D1C4F6941000C02AA /* AVPlayerLayer */,
				383122511C4F6941000C02AA /* CAEmitterLayer */,
				383122541C4F6941000C02AA /* CAGradientLayer */,
				383122571C4F6941000C02AA /* CALayer */,
				3831225C1C4F6941000C02AA /* CAReplicatorLayer */,
				3831225F1C4F6941000C02AA /* CAScrollLayer */,
				383122641C4F6941000C02AA /* CATiledLayer */,
				383122741C4F6941000C02AA /* CATransformLayer */,
				383122771C4F6941000C02AA /* ZJCALayerPlayerListViewController.h */,
				383122781C4F6941000C02AA /* ZJCALayerPlayerListViewController.m */,
			);
			path = LayerPlayer;
			sourceTree = "<group>";
		};
		3831224D1C4F6941000C02AA /* AVPlayerLayer */ = {
			isa = PBXGroup;
			children = (
				3831224E1C4F6941000C02AA /* colorfulStreak.m4v */,
				3831224F1C4F6941000C02AA /* ZJAVPlayerLayerViewController.h */,
				383122501C4F6941000C02AA /* ZJAVPlayerLayerViewController.m */,
			);
			path = AVPlayerLayer;
			sourceTree = "<group>";
		};
		383122511C4F6941000C02AA /* CAEmitterLayer */ = {
			isa = PBXGroup;
			children = (
				383122521C4F6941000C02AA /* ZJCAEmitterLayerViewController.h */,
				383122531C4F6941000C02AA /* ZJCAEmitterLayerViewController.m */,
			);
			path = CAEmitterLayer;
			sourceTree = "<group>";
		};
		383122541C4F6941000C02AA /* CAGradientLayer */ = {
			isa = PBXGroup;
			children = (
				383122551C4F6941000C02AA /* ZJCAGradientLayerViewController.h */,
				383122561C4F6941000C02AA /* ZJCAGradientLayerViewController.m */,
			);
			path = CAGradientLayer;
			sourceTree = "<group>";
		};
		383122571C4F6941000C02AA /* CALayer */ = {
			isa = PBXGroup;
			children = (
				383122581C4F6941000C02AA /* ZJCALayerTableViewController.h */,
				383122591C4F6941000C02AA /* ZJCALayerTableViewController.m */,
				3831225A1C4F6941000C02AA /* ZJCALayerViewController.h */,
				3831225B1C4F6941000C02AA /* ZJCALayerViewController.m */,
			);
			path = CALayer;
			sourceTree = "<group>";
		};
		3831225C1C4F6941000C02AA /* CAReplicatorLayer */ = {
			isa = PBXGroup;
			children = (
				3831225D1C4F6941000C02AA /* ZJCAReplicatorLayerViewController.h */,
				3831225E1C4F6941000C02AA /* ZJCAReplicatorLayerViewController.m */,
			);
			path = CAReplicatorLayer;
			sourceTree = "<group>";
		};
		3831225F1C4F6941000C02AA /* CAScrollLayer */ = {
			isa = PBXGroup;
			children = (
				383122601C4F6941000C02AA /* ScrollingView.h */,
				383122611C4F6941000C02AA /* ScrollingView.m */,
				383122621C4F6941000C02AA /* ZJCAScrollLayerViewController.h */,
				383122631C4F6941000C02AA /* ZJCAScrollLayerViewController.m */,
			);
			path = CAScrollLayer;
			sourceTree = "<group>";
		};
		383122641C4F6941000C02AA /* CATiledLayer */ = {
			isa = PBXGroup;
			children = (
				383122651C4F6941000C02AA /* CAShapeLayer */,
				383122681C4F6941000C02AA /* TiledLayer */,
				3831226F1C4F6941000C02AA /* TiledLoadImage */,
			);
			path = CATiledLayer;
			sourceTree = "<group>";
		};
		383122651C4F6941000C02AA /* CAShapeLayer */ = {
			isa = PBXGroup;
			children = (
				383122661C4F6941000C02AA /* ZJCAShapeLayerViewController.h */,
				383122671C4F6941000C02AA /* ZJCAShapeLayerViewController.m */,
			);
			path = CAShapeLayer;
			sourceTree = "<group>";
		};
		383122681C4F6941000C02AA /* TiledLayer */ = {
			isa = PBXGroup;
			children = (
				383122691C4F6941000C02AA /* ZJCATiledLayerViewController.h */,
				3831226A1C4F6941000C02AA /* ZJCATiledLayerViewController.m */,
				3831226B1C4F6941000C02AA /* ZJTiledLayer.h */,
				3831226C1C4F6941000C02AA /* ZJTiledLayer.m */,
				3831226D1C4F6941000C02AA /* ZJTiledView.h */,
				3831226E1C4F6941000C02AA /* ZJTiledView.m */,
			);
			path = TiledLayer;
			sourceTree = "<group>";
		};
		3831226F1C4F6941000C02AA /* TiledLoadImage */ = {
			isa = PBXGroup;
			children = (
				383122701C4F6941000C02AA /* ZJCATiledImageLayerViewController.h */,
				383122711C4F6941000C02AA /* ZJCATiledImageLayerViewController.m */,
				383122721C4F6941000C02AA /* ZJTiledVIewForLoadImage.h */,
				383122731C4F6941000C02AA /* ZJTiledVIewForLoadImage.m */,
			);
			path = TiledLoadImage;
			sourceTree = "<group>";
		};
		383122741C4F6941000C02AA /* CATransformLayer */ = {
			isa = PBXGroup;
			children = (
				383122751C4F6941000C02AA /* ZJCATransformLayerViewController.h */,
				383122761C4F6941000C02AA /* ZJCATransformLayerViewController.m */,
			);
			path = CATransformLayer;
			sourceTree = "<group>";
		};
		383122A11C4F6A39000C02AA /* LoadingAnimation */ = {
			isa = PBXGroup;
			children = (
				383122A51C4F6A94000C02AA /* ZJSearchingView.h */,
				383122A61C4F6A94000C02AA /* ZJSearchingView.m */,
				383122A21C4F6A53000C02AA /* ZJLoadingAnimationViewController.h */,
				383122A31C4F6A53000C02AA /* ZJLoadingAnimationViewController.m */,
			);
			path = LoadingAnimation;
			sourceTree = "<group>";
		};
		66ED4B5D1B60CEBD00E18480 = {
			isa = PBXGroup;
			children = (
				66ED4B681B60CEBD00E18480 /* ZJCoreAnimation */,
				66ED4B851B60CEBD00E18480 /* ZJCoreAnimationTests */,
				66ED4B671B60CEBD00E18480 /* Products */,
			);
			sourceTree = "<group>";
		};
		66ED4B671B60CEBD00E18480 /* Products */ = {
			isa = PBXGroup;
			children = (
				66ED4B661B60CEBD00E18480 /* ZJCoreAnimation.app */,
				66ED4B821B60CEBD00E18480 /* ZJCoreAnimationTests.xctest */,
			);
			name = Products;
			sourceTree = "<group>";
		};
		66ED4B681B60CEBD00E18480 /* ZJCoreAnimation */ = {
			isa = PBXGroup;
			children = (
				66ED4B761B60CEBD00E18480 /* Main.storyboard */,
				66ED4B6D1B60CEBD00E18480 /* AppDelegate.h */,
				66ED4B6E1B60CEBD00E18480 /* AppDelegate.m */,
				66ED4B731B60CEBD00E18480 /* ViewController.h */,
				66ED4B741B60CEBD00E18480 /* ViewController.m */,
				383122251C4F6941000C02AA /* Basic course */,
				3831223B1C4F6941000C02AA /* Demo */,
				66F716DB1B91A70E00DDFAFD /* UIViewExt.h */,
				66F716DC1B91A70E00DDFAFD /* UIViewExt.m */,
				66F717241B91B1D800DDFAFD /* Note */,
				66ED4B791B60CEBD00E18480 /* Images.xcassets */,
				66ED4B7B1B60CEBD00E18480 /* LaunchScreen.xib */,
				66ED4B701B60CEBD00E18480 /* ZJCoreAnimation.xcdatamodeld */,
				66ED4B691B60CEBD00E18480 /* Supporting Files */,
			);
			path = ZJCoreAnimation;
			sourceTree = "<group>";
		};
		66ED4B691B60CEBD00E18480 /* Supporting Files */ = {
			isa = PBXGroup;
			children = (
				66F30DF31BB15C1E002711CD /* LICENSE */,
				66ED4B6A1B60CEBD00E18480 /* Info.plist */,
				66ED4B6B1B60CEBD00E18480 /* main.m */,
				66EC78351BB6463800E15E7B /* ZJCoreAnimation.pch */,
			);
			name = "Supporting Files";
			sourceTree = "<group>";
		};
		66ED4B851B60CEBD00E18480 /* ZJCoreAnimationTests */ = {
			isa = PBXGroup;
			children = (
				66ED4B881B60CEBD00E18480 /* ZJCoreAnimationTests.m */,
				66ED4B861B60CEBD00E18480 /* Supporting Files */,
			);
			path = ZJCoreAnimationTests;
			sourceTree = "<group>";
		};
		66ED4B861B60CEBD00E18480 /* Supporting Files */ = {
			isa = PBXGroup;
			children = (
				66ED4B871B60CEBD00E18480 /* Info.plist */,
			);
			name = "Supporting Files";
			sourceTree = "<group>";
		};
/* End PBXGroup section */

/* Begin PBXNativeTarget section */
		66ED4B651B60CEBD00E18480 /* ZJCoreAnimation */ = {
			isa = PBXNativeTarget;
			buildConfigurationList = 66ED4B8C1B60CEBD00E18480 /* Build configuration list for PBXNativeTarget "ZJCoreAnimation" */;
			buildPhases = (
				66ED4B621B60CEBD00E18480 /* Sources */,
				66ED4B631B60CEBD00E18480 /* Frameworks */,
				66ED4B641B60CEBD00E18480 /* Resources */,
			);
			buildRules = (
			);
			dependencies = (
			);
			name = ZJCoreAnimation;
			productName = ZJCoreAnimation;
			productReference = 66ED4B661B60CEBD00E18480 /* ZJCoreAnimation.app */;
			productType = "com.apple.product-type.application";
		};
		66ED4B811B60CEBD00E18480 /* ZJCoreAnimationTests */ = {
			isa = PBXNativeTarget;
			buildConfigurationList = 66ED4B8F1B60CEBD00E18480 /* Build configuration list for PBXNativeTarget "ZJCoreAnimationTests" */;
			buildPhases = (
				66ED4B7E1B60CEBD00E18480 /* Sources */,
				66ED4B7F1B60CEBD00E18480 /* Frameworks */,
				66ED4B801B60CEBD00E18480 /* Resources */,
			);
			buildRules = (
			);
			dependencies = (
				66ED4B841B60CEBD00E18480 /* PBXTargetDependency */,
			);
			name = ZJCoreAnimationTests;
			productName = ZJCoreAnimationTests;
			productReference = 66ED4B821B60CEBD00E18480 /* ZJCoreAnimationTests.xctest */;
			productType = "com.apple.product-type.bundle.unit-test";
		};
/* End PBXNativeTarget section */

/* Begin PBXProject section */
		66ED4B5E1B60CEBD00E18480 /* Project object */ = {
			isa = PBXProject;
			attributes = {
				CLASSPREFIX = ZJ;
				LastUpgradeCheck = 0700;
				ORGANIZATIONNAME = YunTu;
				TargetAttributes = {
					66ED4B651B60CEBD00E18480 = {
						CreatedOnToolsVersion = 6.4;
						DevelopmentTeam = 7955BVLGNM;
					};
					66ED4B811B60CEBD00E18480 = {
						CreatedOnToolsVersion = 6.4;
						TestTargetID = 66ED4B651B60CEBD00E18480;
					};
				};
			};
			buildConfigurationList = 66ED4B611B60CEBD00E18480 /* Build configuration list for PBXProject "ZJCoreAnimation" */;
			compatibilityVersion = "Xcode 3.2";
			developmentRegion = English;
			hasScannedForEncodings = 0;
			knownRegions = (
				en,
				Base,
			);
			mainGroup = 66ED4B5D1B60CEBD00E18480;
			productRefGroup = 66ED4B671B60CEBD00E18480 /* Products */;
			projectDirPath = "";
			projectRoot = "";
			targets = (
				66ED4B651B60CEBD00E18480 /* ZJCoreAnimation */,
				66ED4B811B60CEBD00E18480 /* ZJCoreAnimationTests */,
			);
		};
/* End PBXProject section */

/* Begin PBXResourcesBuildPhase section */
		66ED4B641B60CEBD00E18480 /* Resources */ = {
			isa = PBXResourcesBuildPhase;
			buildActionMask = 2147483647;
			files = (
				66ED4B781B60CEBD00E18480 /* Main.storyboard in Resources */,
				383122801C4F6941000C02AA /* 1434511542665314.jpg in Resources */,
				66ED4B7D1B60CEBD00E18480 /* LaunchScreen.xib in Resources */,
				383122891C4F6941000C02AA /* fg1.png in Resources */,
				383122861C4F6941000C02AA /* bg4.png in Resources */,
				383122841C4F6941000C02AA /* bg2.png in Resources */,
				383122831C4F6941000C02AA /* bg1.png in Resources */,
				383122901C4F6941000C02AA /* colorfulStreak.m4v in Resources */,
				66ED4B7A1B60CEBD00E18480 /* Images.xcassets in Resources */,
				3831228D1C4F6941000C02AA /* fg5.png in Resources */,
				3831227A1C4F6941000C02AA /* 1.jpg in Resources */,
				3831228A1C4F6941000C02AA /* fg2.png in Resources */,
				383122811C4F6941000C02AA /* red.png in Resources */,
				383122851C4F6941000C02AA /* bg3.png in Resources */,
				3831228E1C4F6941000C02AA /* fg6.png in Resources */,
				383122871C4F6941000C02AA /* bg5.png in Resources */,
				66F30DF51BB15C1E002711CD /* LICENSE in Resources */,
				66F717251B91B1D800DDFAFD /* Note in Resources */,
				3831228C1C4F6941000C02AA /* fg4.png in Resources */,
				383122881C4F6941000C02AA /* bg6.png in Resources */,
				3831228B1C4F6941000C02AA /* fg3.png in Resources */,
			);
			runOnlyForDeploymentPostprocessing = 0;
		};
		66ED4B801B60CEBD00E18480 /* Resources */ = {
			isa = PBXResourcesBuildPhase;
			buildActionMask = 2147483647;
			files = (
			);
			runOnlyForDeploymentPostprocessing = 0;
		};
/* End PBXResourcesBuildPhase section */

/* Begin PBXSourcesBuildPhase section */
		66ED4B621B60CEBD00E18480 /* Sources */ = {
			isa = PBXSourcesBuildPhase;
			buildActionMask = 2147483647;
			files = (
				3831227D1C4F6941000C02AA /* ZJCATransform3DRotation2ViewController.m in Sources */,
				66ED4B6F1B60CEBD00E18480 /* AppDelegate.m in Sources */,
				383122971C4F6941000C02AA /* ScrollingView.m in Sources */,
				383122A01C4F6941000C02AA /* ZJCALayerPlayerListViewController.m in Sources */,
				383122A41C4F6A53000C02AA /* ZJLoadingAnimationViewController.m in Sources */,
				383122911C4F6941000C02AA /* ZJAVPlayerLayerViewController.m in Sources */,
				66ED4B721B60CEBD00E18480 /* ZJCoreAnimation.xcdatamodeld in Sources */,
				3831229F1C4F6941000C02AA /* ZJCATransformLayerViewController.m in Sources */,
				3831227C1C4F6941000C02AA /* ZJCATransform3DPerspectViewController.m in Sources */,
				383122941C4F6941000C02AA /* ZJCALayerTableViewController.m in Sources */,
				383122791C4F6941000C02AA /* ZJAnchorPointViewController.m in Sources */,
				3831229E1C4F6941000C02AA /* ZJTiledVIewForLoadImage.m in Sources */,
				3831227F1C4F6941000C02AA /* ZJCATransform3DViewController.m in Sources */,
				3831227E1C4F6941000C02AA /* ZJCATransform3DTypeTableViewController.m in Sources */,
				3831229C1C4F6941000C02AA /* ZJTiledView.m in Sources */,
				3831227B1C4F6941000C02AA /* ZJCALayerFirstViewController.m in Sources */,
				3831229A1C4F6941000C02AA /* ZJCATiledLayerViewController.m in Sources */,
				66F716DD1B91A70E00DDFAFD /* UIViewExt.m in Sources */,
				383122931C4F6941000C02AA /* ZJCAGradientLayerViewController.m in Sources */,
				3831229D1C4F6941000C02AA /* ZJCATiledImageLayerViewController.m in Sources */,
				383122821C4F6941000C02AA /* ZJFrameBoundsViewController.m in Sources */,
				383122921C4F6941000C02AA /* ZJCAEmitterLayerViewController.m in Sources */,
				66ED4B751B60CEBD00E18480 /* ViewController.m in Sources */,
				383122991C4F6941000C02AA /* ZJCAShapeLayerViewController.m in Sources */,
				383122961C4F6941000C02AA /* ZJCAReplicatorLayerViewController.m in Sources */,
				66ED4B6C1B60CEBD00E18480 /* main.m in Sources */,
				3831229B1C4F6941000C02AA /* ZJTiledLayer.m in Sources */,
				383122981C4F6941000C02AA /* ZJCAScrollLayerViewController.m in Sources */,
				383122951C4F6941000C02AA /* ZJCALayerViewController.m in Sources */,
				383122A71C4F6A94000C02AA /* ZJSearchingView.m in Sources */,
				3831228F1C4F6941000C02AA /* ZJFlipAnimationViewController.m in Sources */,
			);
			runOnlyForDeploymentPostprocessing = 0;
		};
		66ED4B7E1B60CEBD00E18480 /* Sources */ = {
			isa = PBXSourcesBuildPhase;
			buildActionMask = 2147483647;
			files = (
				66ED4B891B60CEBD00E18480 /* ZJCoreAnimationTests.m in Sources */,
			);
			runOnlyForDeploymentPostprocessing = 0;
		};
/* End PBXSourcesBuildPhase section */

/* Begin PBXTargetDependency section */
		66ED4B841B60CEBD00E18480 /* PBXTargetDependency */ = {
			isa = PBXTargetDependency;
			target = 66ED4B651B60CEBD00E18480 /* ZJCoreAnimation */;
			targetProxy = 66ED4B831B60CEBD00E18480 /* PBXContainerItemProxy */;
		};
/* End PBXTargetDependency section */

/* Begin PBXVariantGroup section */
		66ED4B761B60CEBD00E18480 /* Main.storyboard */ = {
			isa = PBXVariantGroup;
			children = (
				66ED4B771B60CEBD00E18480 /* Base */,
			);
			name = Main.storyboard;
			sourceTree = "<group>";
		};
		66ED4B7B1B60CEBD00E18480 /* LaunchScreen.xib */ = {
			isa = PBXVariantGroup;
			children = (
				66ED4B7C1B60CEBD00E18480 /* Base */,
			);
			name = LaunchScreen.xib;
			sourceTree = "<group>";
		};
/* End PBXVariantGroup section */

/* Begin XCBuildConfiguration section */
		66ED4B8A1B60CEBD00E18480 /* Debug */ = {
			isa = XCBuildConfiguration;
			buildSettings = {
				ALWAYS_SEARCH_USER_PATHS = NO;
				CLANG_CXX_LANGUAGE_STANDARD = "gnu++0x";
				CLANG_CXX_LIBRARY = "libc++";
				CLANG_ENABLE_MODULES = YES;
				CLANG_ENABLE_OBJC_ARC = YES;
				CLANG_WARN_BOOL_CONVERSION = YES;
				CLANG_WARN_CONSTANT_CONVERSION = YES;
				CLANG_WARN_DIRECT_OBJC_ISA_USAGE = YES_ERROR;
				CLANG_WARN_EMPTY_BODY = YES;
				CLANG_WARN_ENUM_CONVERSION = YES;
				CLANG_WARN_INT_CONVERSION = YES;
				CLANG_WARN_OBJC_ROOT_CLASS = YES_ERROR;
				CLANG_WARN_UNREACHABLE_CODE = YES;
				CLANG_WARN__DUPLICATE_METHOD_MATCH = YES;
				"CODE_SIGN_IDENTITY[sdk=iphoneos*]" = "iPhone Developer";
				COPY_PHASE_STRIP = NO;
				DEBUG_INFORMATION_FORMAT = "dwarf-with-dsym";
				ENABLE_STRICT_OBJC_MSGSEND = YES;
				ENABLE_TESTABILITY = YES;
				GCC_C_LANGUAGE_STANDARD = gnu99;
				GCC_DYNAMIC_NO_PIC = NO;
				GCC_NO_COMMON_BLOCKS = YES;
				GCC_OPTIMIZATION_LEVEL = 0;
				GCC_PREPROCESSOR_DEFINITIONS = (
					"DEBUG=1",
					"$(inherited)",
				);
				GCC_SYMBOLS_PRIVATE_EXTERN = NO;
				GCC_WARN_64_TO_32_BIT_CONVERSION = YES;
				GCC_WARN_ABOUT_RETURN_TYPE = YES_ERROR;
				GCC_WARN_UNDECLARED_SELECTOR = YES;
				GCC_WARN_UNINITIALIZED_AUTOS = YES_AGGRESSIVE;
				GCC_WARN_UNUSED_FUNCTION = YES;
				GCC_WARN_UNUSED_VARIABLE = YES;
				IPHONEOS_DEPLOYMENT_TARGET = 8.4;
				MTL_ENABLE_DEBUG_INFO = YES;
				ONLY_ACTIVE_ARCH = YES;
				SDKROOT = iphoneos;
			};
			name = Debug;
		};
		66ED4B8B1B60CEBD00E18480 /* Release */ = {
			isa = XCBuildConfiguration;
			buildSettings = {
				ALWAYS_SEARCH_USER_PATHS = NO;
				CLANG_CXX_LANGUAGE_STANDARD = "gnu++0x";
				CLANG_CXX_LIBRARY = "libc++";
				CLANG_ENABLE_MODULES = YES;
				CLANG_ENABLE_OBJC_ARC = YES;
				CLANG_WARN_BOOL_CONVERSION = YES;
				CLANG_WARN_CONSTANT_CONVERSION = YES;
				CLANG_WARN_DIRECT_OBJC_ISA_USAGE = YES_ERROR;
				CLANG_WARN_EMPTY_BODY = YES;
				CLANG_WARN_ENUM_CONVERSION = YES;
				CLANG_WARN_INT_CONVERSION = YES;
				CLANG_WARN_OBJC_ROOT_CLASS = YES_ERROR;
				CLANG_WARN_UNREACHABLE_CODE = YES;
				CLANG_WARN__DUPLICATE_METHOD_MATCH = YES;
				"CODE_SIGN_IDENTITY[sdk=iphoneos*]" = "iPhone Developer";
				COPY_PHASE_STRIP = NO;
				DEBUG_INFORMATION_FORMAT = "dwarf-with-dsym";
				ENABLE_NS_ASSERTIONS = NO;
				ENABLE_STRICT_OBJC_MSGSEND = YES;
				GCC_C_LANGUAGE_STANDARD = gnu99;
				GCC_NO_COMMON_BLOCKS = YES;
				GCC_WARN_64_TO_32_BIT_CONVERSION = YES;
				GCC_WARN_ABOUT_RETURN_TYPE = YES_ERROR;
				GCC_WARN_UNDECLARED_SELECTOR = YES;
				GCC_WARN_UNINITIALIZED_AUTOS = YES_AGGRESSIVE;
				GCC_WARN_UNUSED_FUNCTION = YES;
				GCC_WARN_UNUSED_VARIABLE = YES;
				IPHONEOS_DEPLOYMENT_TARGET = 8.4;
				MTL_ENABLE_DEBUG_INFO = NO;
				SDKROOT = iphoneos;
				VALIDATE_PRODUCT = YES;
			};
			name = Release;
		};
		66ED4B8D1B60CEBD00E18480 /* Debug */ = {
			isa = XCBuildConfiguration;
			buildSettings = {
				ASSETCATALOG_COMPILER_APPICON_NAME = AppIcon;
				CODE_SIGN_IDENTITY = "iPhone Developer";
				"CODE_SIGN_IDENTITY[sdk=iphoneos*]" = "iPhone Developer";
				GCC_PRECOMPILE_PREFIX_HEADER = YES;
				GCC_PREFIX_HEADER = "$(SRCROOT)/ZJCoreAnimation/ZJCoreAnimation.pch";
				INFOPLIST_FILE = ZJCoreAnimation/Info.plist;
				IPHONEOS_DEPLOYMENT_TARGET = 8.1;
				LD_RUNPATH_SEARCH_PATHS = "$(inherited) @executable_path/Frameworks";
				PRODUCT_BUNDLE_IDENTIFIER = com.hanyouapp.ZJCoreAnimation;
				PRODUCT_NAME = "$(TARGET_NAME)";
				PROVISIONING_PROFILE = "";
			};
			name = Debug;
		};
		66ED4B8E1B60CEBD00E18480 /* Release */ = {
			isa = XCBuildConfiguration;
			buildSettings = {
				ASSETCATALOG_COMPILER_APPICON_NAME = AppIcon;
				CODE_SIGN_IDENTITY = "iPhone Developer";
				"CODE_SIGN_IDENTITY[sdk=iphoneos*]" = "iPhone Developer";
				GCC_PRECOMPILE_PREFIX_HEADER = YES;
				GCC_PREFIX_HEADER = "$(SRCROOT)/ZJCoreAnimation/ZJCoreAnimation.pch";
				INFOPLIST_FILE = ZJCoreAnimation/Info.plist;
				IPHONEOS_DEPLOYMENT_TARGET = 8.1;
				LD_RUNPATH_SEARCH_PATHS = "$(inherited) @executable_path/Frameworks";
				PRODUCT_BUNDLE_IDENTIFIER = com.hanyouapp.ZJCoreAnimation;
				PRODUCT_NAME = "$(TARGET_NAME)";
				PROVISIONING_PROFILE = "";
			};
			name = Release;
		};
		66ED4B901B60CEBD00E18480 /* Debug */ = {
			isa = XCBuildConfiguration;
			buildSettings = {
				BUNDLE_LOADER = "$(TEST_HOST)";
				FRAMEWORK_SEARCH_PATHS = (
					"$(SDKROOT)/Developer/Library/Frameworks",
					"$(inherited)",
				);
				GCC_PREPROCESSOR_DEFINITIONS = (
					"DEBUG=1",
					"$(inherited)",
				);
				INFOPLIST_FILE = ZJCoreAnimationTests/Info.plist;
				LD_RUNPATH_SEARCH_PATHS = "$(inherited) @executable_path/Frameworks @loader_path/Frameworks";
				PRODUCT_BUNDLE_IDENTIFIER = "YT.$(PRODUCT_NAME:rfc1034identifier)";
				PRODUCT_NAME = "$(TARGET_NAME)";
				TEST_HOST = "$(BUILT_PRODUCTS_DIR)/ZJCoreAnimation.app/ZJCoreAnimation";
			};
			name = Debug;
		};
		66ED4B911B60CEBD00E18480 /* Release */ = {
			isa = XCBuildConfiguration;
			buildSettings = {
				BUNDLE_LOADER = "$(TEST_HOST)";
				FRAMEWORK_SEARCH_PATHS = (
					"$(SDKROOT)/Developer/Library/Frameworks",
					"$(inherited)",
				);
				INFOPLIST_FILE = ZJCoreAnimationTests/Info.plist;
				LD_RUNPATH_SEARCH_PATHS = "$(inherited) @executable_path/Frameworks @loader_path/Frameworks";
				PRODUCT_BUNDLE_IDENTIFIER = "YT.$(PRODUCT_NAME:rfc1034identifier)";
				PRODUCT_NAME = "$(TARGET_NAME)";
				TEST_HOST = "$(BUILT_PRODUCTS_DIR)/ZJCoreAnimation.app/ZJCoreAnimation";
			};
			name = Release;
		};
/* End XCBuildConfiguration section */

/* Begin XCConfigurationList section */
		66ED4B611B60CEBD00E18480 /* Build configuration list for PBXProject "ZJCoreAnimation" */ = {
			isa = XCConfigurationList;
			buildConfigurations = (
				66ED4B8A1B60CEBD00E18480 /* Debug */,
				66ED4B8B1B60CEBD00E18480 /* Release */,
			);
			defaultConfigurationIsVisible = 0;
			defaultConfigurationName = Release;
		};
		66ED4B8C1B60CEBD00E18480 /* Build configuration list for PBXNativeTarget "ZJCoreAnimation" */ = {
			isa = XCConfigurationList;
			buildConfigurations = (
				66ED4B8D1B60CEBD00E18480 /* Debug */,
				66ED4B8E1B60CEBD00E18480 /* Release */,
			);
			defaultConfigurationIsVisible = 0;
			defaultConfigurationName = Release;
		};
		66ED4B8F1B60CEBD00E18480 /* Build configuration list for PBXNativeTarget "ZJCoreAnimationTests" */ = {
			isa = XCConfigurationList;
			buildConfigurations = (
				66ED4B901B60CEBD00E18480 /* Debug */,
				66ED4B911B60CEBD00E18480 /* Release */,
			);
			defaultConfigurationIsVisible = 0;
			defaultConfigurationName = Release;
		};
/* End XCConfigurationList section */

/* Begin XCVersionGroup section */
		66ED4B701B60CEBD00E18480 /* ZJCoreAnimation.xcdatamodeld */ = {
			isa = XCVersionGroup;
			children = (
				66ED4B711B60CEBD00E18480 /* ZJCoreAnimation.xcdatamodel */,
			);
			currentVersion = 66ED4B711B60CEBD00E18480 /* ZJCoreAnimation.xcdatamodel */;
			path = ZJCoreAnimation.xcdatamodeld;
			sourceTree = "<group>";
			versionGroupType = wrapper.xcdatamodel;
		};
/* End XCVersionGroup section */
	};
	rootObject = 66ED4B5E1B60CEBD00E18480 /* Project object */;
}
